
Microsoft Visual Studio Solution File, Format Version 12.00
# Visual Studio Version 16
VisualStudioVersion = 16.0.31702.278
MinimumVisualStudioVersion = 10.0.40219.1
Project("{9A19103F-16F7-4668-BE54-9A1E7A4F7556}") = "EternaProject", "EternaProject\EternaProject.csproj", "{ACB4DDA8-5471-4019-9BBB-5C27658556C9}"
EndProject
Global
	GlobalSection(SolutionConfigurationPlatforms) = preSolution
		Debug|Any CPU = Debug|Any CPU
		Release|Any CPU = Release|Any CPU
	EndGlobalSection
	GlobalSection(ProjectConfigurationPlatforms) = postSolution
		{ACB4DDA8-5471-4019-9BBB-5C27658556C9}.Debug|Any CPU.ActiveCfg = Debug|Any CPU
		{ACB4DDA8-5471-4019-9BBB-5C27658556C9}.Debug|Any CPU.Build.0 = Debug|Any CPU
		{ACB4DDA8-5471-4019-9BBB-5C27658556C9}.Release|Any CPU.ActiveCfg = Release|Any CPU
		{ACB4DDA8-5471-4019-9BBB-5C27658556C9}.Release|Any CPU.Build.0 = Release|Any CPU
	EndGlobalSection
	GlobalSection(SolutionProperties) = preSolution
		HideSolutionNode = FALSE
	EndGlobalSection
	GlobalSection(ExtensibilityGlobals) = postSolution
		SolutionGuid = {C999D6B4-BAE0-466C-996B-57065B1FCF7B}
	EndGlobalSection
EndGlobal
